
Microsoft Visual Studio Solution File, Format Version 12.00
# Visual Studio Version 16
VisualStudioVersion = 16.0.31624.102
MinimumVisualStudioVersion = 10.0.40219.1
Project("{FAE04EC0-301F-11D3-BF4B-00C04F79EFBC}") = "MicroElectronsApi", "MicroElectronsApi\MicroElectronsApi.csproj", "{03114480-AD3A-4324-874E-6124B41200A3}"
EndProject
Global
	GlobalSection(SolutionConfigurationPlatforms) = preSolution
		Debug|Any CPU = Debug|Any CPU
		Release|Any CPU = Release|Any CPU
	EndGlobalSection
	GlobalSection(ProjectConfigurationPlatforms) = postSolution
		{03114480-AD3A-4324-874E-6124B41200A3}.Debug|Any CPU.ActiveCfg = Debug|Any CPU
		{03114480-AD3A-4324-874E-6124B41200A3}.Debug|Any CPU.Build.0 = Debug|Any CPU
		{03114480-AD3A-4324-874E-6124B41200A3}.Release|Any CPU.ActiveCfg = Release|Any CPU
		{03114480-AD3A-4324-874E-6124B41200A3}.Release|Any CPU.Build.0 = Release|Any CPU
	EndGlobalSection
	GlobalSection(SolutionProperties) = preSolution
		HideSolutionNode = FALSE
	EndGlobalSection
	GlobalSection(ExtensibilityGlobals) = postSolution
		SolutionGuid = {0FC8F5BA-1523-4478-9D68-60CEE9ED73CF}
	EndGlobalSection
EndGlobal
