
Microsoft Visual Studio Solution File, Format Version 12.00
# Visual Studio Version 16
VisualStudioVersion = 16.0.30225.117
MinimumVisualStudioVersion = 10.0.40219.1
Project("{FAE04EC0-301F-11D3-BF4B-00C04F79EFBC}") = "Avia", "Avia.csproj", "{8ACDEBD5-42E9-4D16-94EA-91F77973F5E6}"
EndProject
Global
	GlobalSection(SolutionConfigurationPlatforms) = preSolution
		Debug|Any CPU = Debug|Any CPU
		Release|Any CPU = Release|Any CPU
	EndGlobalSection
	GlobalSection(ProjectConfigurationPlatforms) = postSolution
		{8ACDEBD5-42E9-4D16-94EA-91F77973F5E6}.Debug|Any CPU.ActiveCfg = Debug|Any CPU
		{8ACDEBD5-42E9-4D16-94EA-91F77973F5E6}.Debug|Any CPU.Build.0 = Debug|Any CPU
		{8ACDEBD5-42E9-4D16-94EA-91F77973F5E6}.Release|Any CPU.ActiveCfg = Release|Any CPU
		{8ACDEBD5-42E9-4D16-94EA-91F77973F5E6}.Release|Any CPU.Build.0 = Release|Any CPU
	EndGlobalSection
	GlobalSection(SolutionProperties) = preSolution
		HideSolutionNode = FALSE
	EndGlobalSection
	GlobalSection(ExtensibilityGlobals) = postSolution
		SolutionGuid = {4A42F084-4859-404D-B5C2-9E311F5E51FF}
	EndGlobalSection
EndGlobal
