
Microsoft Visual Studio Solution File, Format Version 12.00
# Visual Studio Version 16
VisualStudioVersion = 16.0.30002.166
MinimumVisualStudioVersion = 10.0.40219.1
Project("{FAE04EC0-301F-11D3-BF4B-00C04F79EFBC}") = "Editor", "Editor\Editor.csproj", "{A8A4DD62-3E6A-43BE-837A-B7E04F448DFF}"
EndProject
Global
	GlobalSection(SolutionConfigurationPlatforms) = preSolution
		Debug|ARM = Debug|ARM
		Debug|ARM64 = Debug|ARM64
		Debug|x64 = Debug|x64
		Debug|x86 = Debug|x86
		Release|ARM = Release|ARM
		Release|ARM64 = Release|ARM64
		Release|x64 = Release|x64
		Release|x86 = Release|x86
	EndGlobalSection
	GlobalSection(ProjectConfigurationPlatforms) = postSolution
		{A8A4DD62-3E6A-43BE-837A-B7E04F448DFF}.Debug|ARM.ActiveCfg = Debug|ARM
		{A8A4DD62-3E6A-43BE-837A-B7E04F448DFF}.Debug|ARM.Build.0 = Debug|ARM
		{A8A4DD62-3E6A-43BE-837A-B7E04F448DFF}.Debug|ARM.Deploy.0 = Debug|ARM
		{A8A4DD62-3E6A-43BE-837A-B7E04F448DFF}.Debug|ARM64.ActiveCfg = Debug|ARM64
		{A8A4DD62-3E6A-43BE-837A-B7E04F448DFF}.Debug|ARM64.Build.0 = Debug|ARM64
		{A8A4DD62-3E6A-43BE-837A-B7E04F448DFF}.Debug|ARM64.Deploy.0 = Debug|ARM64
		{A8A4DD62-3E6A-43BE-837A-B7E04F448DFF}.Debug|x64.ActiveCfg = Debug|x64
		{A8A4DD62-3E6A-43BE-837A-B7E04F448DFF}.Debug|x64.Build.0 = Debug|x64
		{A8A4DD62-3E6A-43BE-837A-B7E04F448DFF}.Debug|x64.Deploy.0 = Debug|x64
		{A8A4DD62-3E6A-43BE-837A-B7E04F448DFF}.Debug|x86.ActiveCfg = Debug|x86
		{A8A4DD62-3E6A-43BE-837A-B7E04F448DFF}.Debug|x86.Build.0 = Debug|x86
		{A8A4DD62-3E6A-43BE-837A-B7E04F448DFF}.Debug|x86.Deploy.0 = Debug|x86
		{A8A4DD62-3E6A-43BE-837A-B7E04F448DFF}.Release|ARM.ActiveCfg = Release|ARM
		{A8A4DD62-3E6A-43BE-837A-B7E04F448DFF}.Release|ARM.Build.0 = Release|ARM
		{A8A4DD62-3E6A-43BE-837A-B7E04F448DFF}.Release|ARM.Deploy.0 = Release|ARM
		{A8A4DD62-3E6A-43BE-837A-B7E04F448DFF}.Release|ARM64.ActiveCfg = Release|ARM64
		{A8A4DD62-3E6A-43BE-837A-B7E04F448DFF}.Release|ARM64.Build.0 = Release|ARM64
		{A8A4DD62-3E6A-43BE-837A-B7E04F448DFF}.Release|ARM64.Deploy.0 = Release|ARM64
		{A8A4DD62-3E6A-43BE-837A-B7E04F448DFF}.Release|x64.ActiveCfg = Release|x64
		{A8A4DD62-3E6A-43BE-837A-B7E04F448DFF}.Release|x64.Build.0 = Release|x64
		{A8A4DD62-3E6A-43BE-837A-B7E04F448DFF}.Release|x64.Deploy.0 = Release|x64
		{A8A4DD62-3E6A-43BE-837A-B7E04F448DFF}.Release|x86.ActiveCfg = Release|x86
		{A8A4DD62-3E6A-43BE-837A-B7E04F448DFF}.Release|x86.Build.0 = Release|x86
		{A8A4DD62-3E6A-43BE-837A-B7E04F448DFF}.Release|x86.Deploy.0 = Release|x86
	EndGlobalSection
	GlobalSection(SolutionProperties) = preSolution
		HideSolutionNode = FALSE
	EndGlobalSection
	GlobalSection(ExtensibilityGlobals) = postSolution
		SolutionGuid = {011E3186-2FB3-468A-8412-B0814C5549E7}
	EndGlobalSection
EndGlobal
