
Microsoft Visual Studio Solution File, Format Version 12.00
# Visual Studio 15
VisualStudioVersion = 15.0.28307.852
MinimumVisualStudioVersion = 10.0.40219.1
Project("{FAE04EC0-301F-11D3-BF4B-00C04F79EFBC}") = "Таблица истинности", "Таблица истинности\Таблица истинности.csproj", "{E6A55927-CEE1-41C3-9B93-C7986FD4208F}"
EndProject
Global
	GlobalSection(SolutionConfigurationPlatforms) = preSolution
		Debug|Any CPU = Debug|Any CPU
		Release|Any CPU = Release|Any CPU
	EndGlobalSection
	GlobalSection(ProjectConfigurationPlatforms) = postSolution
		{E6A55927-CEE1-41C3-9B93-C7986FD4208F}.Debug|Any CPU.ActiveCfg = Debug|Any CPU
		{E6A55927-CEE1-41C3-9B93-C7986FD4208F}.Debug|Any CPU.Build.0 = Debug|Any CPU
		{E6A55927-CEE1-41C3-9B93-C7986FD4208F}.Release|Any CPU.ActiveCfg = Release|Any CPU
		{E6A55927-CEE1-41C3-9B93-C7986FD4208F}.Release|Any CPU.Build.0 = Release|Any CPU
	EndGlobalSection
	GlobalSection(SolutionProperties) = preSolution
		HideSolutionNode = FALSE
	EndGlobalSection
	GlobalSection(ExtensibilityGlobals) = postSolution
		SolutionGuid = {1220CB80-69C3-4375-90E1-8334EACA55C0}
	EndGlobalSection
EndGlobal
