
Microsoft Visual Studio Solution File, Format Version 12.00
# Visual Studio Version 16
VisualStudioVersion = 16.0.30225.117
MinimumVisualStudioVersion = 10.0.40219.1
Project("{FAE04EC0-301F-11D3-BF4B-00C04F79EFBC}") = "UserData", "UserData.csproj", "{6DE0433F-7C2D-4AAD-8B57-97948259BD9B}"
EndProject
Project("{FAE04EC0-301F-11D3-BF4B-00C04F79EFBC}") = "UserDataTest", "..\UserDataTest\UserDataTest.csproj", "{3CB90E6B-582C-4588-8EF3-2A1498337F3C}"
EndProject
Global
	GlobalSection(SolutionConfigurationPlatforms) = preSolution
		Debug|Any CPU = Debug|Any CPU
		Release|Any CPU = Release|Any CPU
	EndGlobalSection
	GlobalSection(ProjectConfigurationPlatforms) = postSolution
		{6DE0433F-7C2D-4AAD-8B57-97948259BD9B}.Debug|Any CPU.ActiveCfg = Debug|Any CPU
		{6DE0433F-7C2D-4AAD-8B57-97948259BD9B}.Debug|Any CPU.Build.0 = Debug|Any CPU
		{6DE0433F-7C2D-4AAD-8B57-97948259BD9B}.Release|Any CPU.ActiveCfg = Release|Any CPU
		{6DE0433F-7C2D-4AAD-8B57-97948259BD9B}.Release|Any CPU.Build.0 = Release|Any CPU
		{3CB90E6B-582C-4588-8EF3-2A1498337F3C}.Debug|Any CPU.ActiveCfg = Debug|Any CPU
		{3CB90E6B-582C-4588-8EF3-2A1498337F3C}.Debug|Any CPU.Build.0 = Debug|Any CPU
		{3CB90E6B-582C-4588-8EF3-2A1498337F3C}.Release|Any CPU.ActiveCfg = Release|Any CPU
		{3CB90E6B-582C-4588-8EF3-2A1498337F3C}.Release|Any CPU.Build.0 = Release|Any CPU
	EndGlobalSection
	GlobalSection(SolutionProperties) = preSolution
		HideSolutionNode = FALSE
	EndGlobalSection
	GlobalSection(ExtensibilityGlobals) = postSolution
		SolutionGuid = {4954D947-399C-4F7F-AEC8-ED1D6710AB6E}
	EndGlobalSection
EndGlobal
