
Microsoft Visual Studio Solution File, Format Version 12.00
# Visual Studio Version 16
VisualStudioVersion = 16.0.29215.179
MinimumVisualStudioVersion = 10.0.40219.1
Project("{FAE04EC0-301F-11D3-BF4B-00C04F79EFBC}") = "Practice 3.1", "Practice 3.1.csproj", "{C531CAD3-1D66-4CC0-BBA5-C4B3F951188B}"
EndProject
Global
	GlobalSection(SolutionConfigurationPlatforms) = preSolution
		Debug|Any CPU = Debug|Any CPU
		Release|Any CPU = Release|Any CPU
	EndGlobalSection
	GlobalSection(ProjectConfigurationPlatforms) = postSolution
		{C531CAD3-1D66-4CC0-BBA5-C4B3F951188B}.Debug|Any CPU.ActiveCfg = Debug|Any CPU
		{C531CAD3-1D66-4CC0-BBA5-C4B3F951188B}.Debug|Any CPU.Build.0 = Debug|Any CPU
		{C531CAD3-1D66-4CC0-BBA5-C4B3F951188B}.Release|Any CPU.ActiveCfg = Release|Any CPU
		{C531CAD3-1D66-4CC0-BBA5-C4B3F951188B}.Release|Any CPU.Build.0 = Release|Any CPU
	EndGlobalSection
	GlobalSection(SolutionProperties) = preSolution
		HideSolutionNode = FALSE
	EndGlobalSection
	GlobalSection(ExtensibilityGlobals) = postSolution
		SolutionGuid = {B1593C95-3113-4DDD-BB8D-705D877C6941}
	EndGlobalSection
EndGlobal
