
Microsoft Visual Studio Solution File, Format Version 12.00
# Visual Studio Version 16
VisualStudioVersion = 16.0.30114.105
MinimumVisualStudioVersion = 10.0.40219.1
Project("{FAE04EC0-301F-11D3-BF4B-00C04F79EFBC}") = "tic-tac-toe", "tic-tac-toe.csproj", "{F1D6BBDD-E1B5-4746-979A-C890D0D71631}"
EndProject
Global
	GlobalSection(SolutionConfigurationPlatforms) = preSolution
		Debug|Any CPU = Debug|Any CPU
		Release|Any CPU = Release|Any CPU
	EndGlobalSection
	GlobalSection(ProjectConfigurationPlatforms) = postSolution
		{F1D6BBDD-E1B5-4746-979A-C890D0D71631}.Debug|Any CPU.ActiveCfg = Debug|Any CPU
		{F1D6BBDD-E1B5-4746-979A-C890D0D71631}.Debug|Any CPU.Build.0 = Debug|Any CPU
		{F1D6BBDD-E1B5-4746-979A-C890D0D71631}.Release|Any CPU.ActiveCfg = Release|Any CPU
		{F1D6BBDD-E1B5-4746-979A-C890D0D71631}.Release|Any CPU.Build.0 = Release|Any CPU
	EndGlobalSection
	GlobalSection(SolutionProperties) = preSolution
		HideSolutionNode = FALSE
	EndGlobalSection
	GlobalSection(ExtensibilityGlobals) = postSolution
		SolutionGuid = {374C6891-CFC4-4463-8950-D6C3F33B790C}
	EndGlobalSection
EndGlobal
