
Microsoft Visual Studio Solution File, Format Version 12.00
# Visual Studio Version 16
VisualStudioVersion = 16.0.29215.179
MinimumVisualStudioVersion = 10.0.40219.1
Project("{FAE04EC0-301F-11D3-BF4B-00C04F79EFBC}") = "Practice 2", "Practice 2.csproj", "{D5616933-1262-40A8-ADC9-6AC1D00ADEE9}"
EndProject
Global
	GlobalSection(SolutionConfigurationPlatforms) = preSolution
		Debug|Any CPU = Debug|Any CPU
		Release|Any CPU = Release|Any CPU
	EndGlobalSection
	GlobalSection(ProjectConfigurationPlatforms) = postSolution
		{D5616933-1262-40A8-ADC9-6AC1D00ADEE9}.Debug|Any CPU.ActiveCfg = Debug|Any CPU
		{D5616933-1262-40A8-ADC9-6AC1D00ADEE9}.Debug|Any CPU.Build.0 = Debug|Any CPU
		{D5616933-1262-40A8-ADC9-6AC1D00ADEE9}.Release|Any CPU.ActiveCfg = Release|Any CPU
		{D5616933-1262-40A8-ADC9-6AC1D00ADEE9}.Release|Any CPU.Build.0 = Release|Any CPU
	EndGlobalSection
	GlobalSection(SolutionProperties) = preSolution
		HideSolutionNode = FALSE
	EndGlobalSection
	GlobalSection(ExtensibilityGlobals) = postSolution
		SolutionGuid = {22D328F9-3DB5-4025-92EC-D699F7B4ECDB}
	EndGlobalSection
EndGlobal
